
Microsoft Visual Studio Solution File, Format Version 12.00
# Visual Studio Version 16
VisualStudioVersion = 16.0.30114.105
MinimumVisualStudioVersion = 10.0.40219.1
Project("{2150E333-8FDC-42A3-9474-1A3956D46DE8}") = "src", "src", "{0F2D1E9D-1012-4DCC-9898-51580CA18F91}"
EndProject
Project("{FAE04EC0-301F-11D3-BF4B-00C04F79EFBC}") = "Neo4j.OGM", "src\Neo4j.OGM\Neo4j.OGM.csproj", "{D0B90B7E-A93C-4AFD-9862-F4F9C60AA199}"
EndProject
Project("{2150E333-8FDC-42A3-9474-1A3956D46DE8}") = "tests", "tests", "{A2D9178B-7077-4691-BA9E-D96B199F3BFD}"
EndProject
Project("{FAE04EC0-301F-11D3-BF4B-00C04F79EFBC}") = "Neo4j.OGM.Tests", "tests\Neo4j.OGM.Tests\Neo4j.OGM.Tests.csproj", "{F25EAEC3-2FBD-4DA4-8AA7-16E5BCCD1B7D}"
EndProject
Global
	GlobalSection(SolutionConfigurationPlatforms) = preSolution
		Debug|Any CPU = Debug|Any CPU
		Release|Any CPU = Release|Any CPU
	EndGlobalSection
	GlobalSection(SolutionProperties) = preSolution
		HideSolutionNode = FALSE
	EndGlobalSection
	GlobalSection(ProjectConfigurationPlatforms) = postSolution
		{D0B90B7E-A93C-4AFD-9862-F4F9C60AA199}.Debug|Any CPU.ActiveCfg = Debug|Any CPU
		{D0B90B7E-A93C-4AFD-9862-F4F9C60AA199}.Debug|Any CPU.Build.0 = Debug|Any CPU
		{D0B90B7E-A93C-4AFD-9862-F4F9C60AA199}.Release|Any CPU.ActiveCfg = Release|Any CPU
		{D0B90B7E-A93C-4AFD-9862-F4F9C60AA199}.Release|Any CPU.Build.0 = Release|Any CPU
		{F25EAEC3-2FBD-4DA4-8AA7-16E5BCCD1B7D}.Debug|Any CPU.ActiveCfg = Debug|Any CPU
		{F25EAEC3-2FBD-4DA4-8AA7-16E5BCCD1B7D}.Debug|Any CPU.Build.0 = Debug|Any CPU
		{F25EAEC3-2FBD-4DA4-8AA7-16E5BCCD1B7D}.Release|Any CPU.ActiveCfg = Release|Any CPU
		{F25EAEC3-2FBD-4DA4-8AA7-16E5BCCD1B7D}.Release|Any CPU.Build.0 = Release|Any CPU
	EndGlobalSection
	GlobalSection(NestedProjects) = preSolution
		{D0B90B7E-A93C-4AFD-9862-F4F9C60AA199} = {0F2D1E9D-1012-4DCC-9898-51580CA18F91}
		{F25EAEC3-2FBD-4DA4-8AA7-16E5BCCD1B7D} = {A2D9178B-7077-4691-BA9E-D96B199F3BFD}
	EndGlobalSection
EndGlobal
